
Microsoft Visual Studio Solution File, Format Version 12.00
Project("{FAE04EC0-301F-11D3-BF4B-00C04F79EFBC}") = "Level 12 Boss - Hunting the Manticore", "Level 12 Boss - Hunting the Manticore\Level 12 Boss - Hunting the Manticore.csproj", "{C0A048D9-8769-49B1-8CA2-75038ACE1CD5}"
EndProject
Project("{FAE04EC0-301F-11D3-BF4B-00C04F79EFBC}") = "Simulas Test", "Simulas Test\Simulas Test.csproj", "{AEAA0AA3-A787-4F68-9C29-E74FDB9D94DE}"
EndProject
Project("{FAE04EC0-301F-11D3-BF4B-00C04F79EFBC}") = "Simulas Soup", "Simulas Soup\Simulas Soup.csproj", "{A8AF24FE-6DF2-48EA-8C5C-BD7D103D31D9}"
EndProject
Project("{FAE04EC0-301F-11D3-BF4B-00C04F79EFBC}") = "sandbox", "sandbox\sandbox.csproj", "{A3D36B51-EF60-4D90-9619-ADF528033A96}"
EndProject
Project("{FAE04EC0-301F-11D3-BF4B-00C04F79EFBC}") = "Vin Fletchers Arrows", "Vin Fletchers Arrows\Vin Fletchers Arrows.csproj", "{42A1AE16-7B08-42AB-B539-EB5B9CF20191}"
EndProject
Project("{2150E333-8FDC-42A3-9474-1A3956D46DE8}") = "The Catacombs of the Class", "The Catacombs of the Class", "{217664AE-BAA2-4EE8-A9F1-9FF3BA3C78D8}"
EndProject
Project("{FAE04EC0-301F-11D3-BF4B-00C04F79EFBC}") = "The Point", "The Point\The Point.csproj", "{A7FE98BE-84BE-49AC-A623-A158FBECC80F}"
EndProject
Project("{FAE04EC0-301F-11D3-BF4B-00C04F79EFBC}") = "The colour", "The colour\The colour.csproj", "{E299F02C-510B-4E2B-BDBC-D87E8D4A4D37}"
EndProject
Project("{FAE04EC0-301F-11D3-BF4B-00C04F79EFBC}") = "The Card", "The Card\The Card.csproj", "{71207F34-E684-421A-BA54-A4907F8E509F}"
EndProject
Project("{FAE04EC0-301F-11D3-BF4B-00C04F79EFBC}") = "The Locked Door", "The Locked Door\The Locked Door.csproj", "{05803083-4A12-477D-815B-E2795774B68A}"
EndProject
Project("{FAE04EC0-301F-11D3-BF4B-00C04F79EFBC}") = "The Password Validator", "The Password Validator\The Password Validator.csproj", "{11348AA0-E9CE-4AB5-A1B3-2744D861AB9D}"
EndProject
Project("{FAE04EC0-301F-11D3-BF4B-00C04F79EFBC}") = "tictactoe", "tictactoe\tictactoe.csproj", "{3D637EB9-47F8-4F57-A274-C7FD84D2FCE7}"
EndProject
Project("{FAE04EC0-301F-11D3-BF4B-00C04F79EFBC}") = "Packing inventory p205", "Packing inventory p205\Packing inventory p205.csproj", "{ADBB93CC-2BF5-4CAC-AE7E-4568877C2A46}"
EndProject
Global
	GlobalSection(SolutionConfigurationPlatforms) = preSolution
		Debug|Any CPU = Debug|Any CPU
		Release|Any CPU = Release|Any CPU
	EndGlobalSection
	GlobalSection(ProjectConfigurationPlatforms) = postSolution
		{C0A048D9-8769-49B1-8CA2-75038ACE1CD5}.Debug|Any CPU.ActiveCfg = Debug|Any CPU
		{C0A048D9-8769-49B1-8CA2-75038ACE1CD5}.Debug|Any CPU.Build.0 = Debug|Any CPU
		{C0A048D9-8769-49B1-8CA2-75038ACE1CD5}.Release|Any CPU.ActiveCfg = Release|Any CPU
		{C0A048D9-8769-49B1-8CA2-75038ACE1CD5}.Release|Any CPU.Build.0 = Release|Any CPU
		{AEAA0AA3-A787-4F68-9C29-E74FDB9D94DE}.Debug|Any CPU.ActiveCfg = Debug|Any CPU
		{AEAA0AA3-A787-4F68-9C29-E74FDB9D94DE}.Debug|Any CPU.Build.0 = Debug|Any CPU
		{AEAA0AA3-A787-4F68-9C29-E74FDB9D94DE}.Release|Any CPU.ActiveCfg = Release|Any CPU
		{AEAA0AA3-A787-4F68-9C29-E74FDB9D94DE}.Release|Any CPU.Build.0 = Release|Any CPU
		{A8AF24FE-6DF2-48EA-8C5C-BD7D103D31D9}.Debug|Any CPU.ActiveCfg = Debug|Any CPU
		{A8AF24FE-6DF2-48EA-8C5C-BD7D103D31D9}.Debug|Any CPU.Build.0 = Debug|Any CPU
		{A8AF24FE-6DF2-48EA-8C5C-BD7D103D31D9}.Release|Any CPU.ActiveCfg = Release|Any CPU
		{A8AF24FE-6DF2-48EA-8C5C-BD7D103D31D9}.Release|Any CPU.Build.0 = Release|Any CPU
		{A3D36B51-EF60-4D90-9619-ADF528033A96}.Debug|Any CPU.ActiveCfg = Debug|Any CPU
		{A3D36B51-EF60-4D90-9619-ADF528033A96}.Debug|Any CPU.Build.0 = Debug|Any CPU
		{A3D36B51-EF60-4D90-9619-ADF528033A96}.Release|Any CPU.ActiveCfg = Release|Any CPU
		{A3D36B51-EF60-4D90-9619-ADF528033A96}.Release|Any CPU.Build.0 = Release|Any CPU
		{42A1AE16-7B08-42AB-B539-EB5B9CF20191}.Debug|Any CPU.ActiveCfg = Debug|Any CPU
		{42A1AE16-7B08-42AB-B539-EB5B9CF20191}.Debug|Any CPU.Build.0 = Debug|Any CPU
		{42A1AE16-7B08-42AB-B539-EB5B9CF20191}.Release|Any CPU.ActiveCfg = Release|Any CPU
		{42A1AE16-7B08-42AB-B539-EB5B9CF20191}.Release|Any CPU.Build.0 = Release|Any CPU
		{A7FE98BE-84BE-49AC-A623-A158FBECC80F}.Debug|Any CPU.ActiveCfg = Debug|Any CPU
		{A7FE98BE-84BE-49AC-A623-A158FBECC80F}.Debug|Any CPU.Build.0 = Debug|Any CPU
		{A7FE98BE-84BE-49AC-A623-A158FBECC80F}.Release|Any CPU.ActiveCfg = Release|Any CPU
		{A7FE98BE-84BE-49AC-A623-A158FBECC80F}.Release|Any CPU.Build.0 = Release|Any CPU
		{E299F02C-510B-4E2B-BDBC-D87E8D4A4D37}.Debug|Any CPU.ActiveCfg = Debug|Any CPU
		{E299F02C-510B-4E2B-BDBC-D87E8D4A4D37}.Debug|Any CPU.Build.0 = Debug|Any CPU
		{E299F02C-510B-4E2B-BDBC-D87E8D4A4D37}.Release|Any CPU.ActiveCfg = Release|Any CPU
		{E299F02C-510B-4E2B-BDBC-D87E8D4A4D37}.Release|Any CPU.Build.0 = Release|Any CPU
		{71207F34-E684-421A-BA54-A4907F8E509F}.Debug|Any CPU.ActiveCfg = Debug|Any CPU
		{71207F34-E684-421A-BA54-A4907F8E509F}.Debug|Any CPU.Build.0 = Debug|Any CPU
		{71207F34-E684-421A-BA54-A4907F8E509F}.Release|Any CPU.ActiveCfg = Release|Any CPU
		{71207F34-E684-421A-BA54-A4907F8E509F}.Release|Any CPU.Build.0 = Release|Any CPU
		{05803083-4A12-477D-815B-E2795774B68A}.Debug|Any CPU.ActiveCfg = Debug|Any CPU
		{05803083-4A12-477D-815B-E2795774B68A}.Debug|Any CPU.Build.0 = Debug|Any CPU
		{05803083-4A12-477D-815B-E2795774B68A}.Release|Any CPU.ActiveCfg = Release|Any CPU
		{05803083-4A12-477D-815B-E2795774B68A}.Release|Any CPU.Build.0 = Release|Any CPU
		{11348AA0-E9CE-4AB5-A1B3-2744D861AB9D}.Debug|Any CPU.ActiveCfg = Debug|Any CPU
		{11348AA0-E9CE-4AB5-A1B3-2744D861AB9D}.Debug|Any CPU.Build.0 = Debug|Any CPU
		{11348AA0-E9CE-4AB5-A1B3-2744D861AB9D}.Release|Any CPU.ActiveCfg = Release|Any CPU
		{11348AA0-E9CE-4AB5-A1B3-2744D861AB9D}.Release|Any CPU.Build.0 = Release|Any CPU
		{3D637EB9-47F8-4F57-A274-C7FD84D2FCE7}.Debug|Any CPU.ActiveCfg = Debug|Any CPU
		{3D637EB9-47F8-4F57-A274-C7FD84D2FCE7}.Debug|Any CPU.Build.0 = Debug|Any CPU
		{3D637EB9-47F8-4F57-A274-C7FD84D2FCE7}.Release|Any CPU.ActiveCfg = Release|Any CPU
		{3D637EB9-47F8-4F57-A274-C7FD84D2FCE7}.Release|Any CPU.Build.0 = Release|Any CPU
		{ADBB93CC-2BF5-4CAC-AE7E-4568877C2A46}.Debug|Any CPU.ActiveCfg = Debug|Any CPU
		{ADBB93CC-2BF5-4CAC-AE7E-4568877C2A46}.Debug|Any CPU.Build.0 = Debug|Any CPU
		{ADBB93CC-2BF5-4CAC-AE7E-4568877C2A46}.Release|Any CPU.ActiveCfg = Release|Any CPU
		{ADBB93CC-2BF5-4CAC-AE7E-4568877C2A46}.Release|Any CPU.Build.0 = Release|Any CPU
	EndGlobalSection
	GlobalSection(NestedProjects) = preSolution
		{A7FE98BE-84BE-49AC-A623-A158FBECC80F} = {217664AE-BAA2-4EE8-A9F1-9FF3BA3C78D8}
		{E299F02C-510B-4E2B-BDBC-D87E8D4A4D37} = {217664AE-BAA2-4EE8-A9F1-9FF3BA3C78D8}
		{71207F34-E684-421A-BA54-A4907F8E509F} = {217664AE-BAA2-4EE8-A9F1-9FF3BA3C78D8}
		{05803083-4A12-477D-815B-E2795774B68A} = {217664AE-BAA2-4EE8-A9F1-9FF3BA3C78D8}
		{11348AA0-E9CE-4AB5-A1B3-2744D861AB9D} = {217664AE-BAA2-4EE8-A9F1-9FF3BA3C78D8}
		{3D637EB9-47F8-4F57-A274-C7FD84D2FCE7} = {217664AE-BAA2-4EE8-A9F1-9FF3BA3C78D8}
	EndGlobalSection
EndGlobal
