
Microsoft Visual Studio Solution File, Format Version 12.00
Project("{FAE04EC0-301F-11D3-BF4B-00C04F79EFBC}") = "Level 12 Boss - Hunting the Manticore", "Level 12 Boss - Hunting the Manticore\Level 12 Boss - Hunting the Manticore.csproj", "{C0A048D9-8769-49B1-8CA2-75038ACE1CD5}"
EndProject
Project("{FAE04EC0-301F-11D3-BF4B-00C04F79EFBC}") = "Simulas Test", "Simulas Test\Simulas Test.csproj", "{AEAA0AA3-A787-4F68-9C29-E74FDB9D94DE}"
EndProject
Global
	GlobalSection(SolutionConfigurationPlatforms) = preSolution
		Debug|Any CPU = Debug|Any CPU
		Release|Any CPU = Release|Any CPU
	EndGlobalSection
	GlobalSection(ProjectConfigurationPlatforms) = postSolution
		{C0A048D9-8769-49B1-8CA2-75038ACE1CD5}.Debug|Any CPU.ActiveCfg = Debug|Any CPU
		{C0A048D9-8769-49B1-8CA2-75038ACE1CD5}.Debug|Any CPU.Build.0 = Debug|Any CPU
		{C0A048D9-8769-49B1-8CA2-75038ACE1CD5}.Release|Any CPU.ActiveCfg = Release|Any CPU
		{C0A048D9-8769-49B1-8CA2-75038ACE1CD5}.Release|Any CPU.Build.0 = Release|Any CPU
		{AEAA0AA3-A787-4F68-9C29-E74FDB9D94DE}.Debug|Any CPU.ActiveCfg = Debug|Any CPU
		{AEAA0AA3-A787-4F68-9C29-E74FDB9D94DE}.Debug|Any CPU.Build.0 = Debug|Any CPU
		{AEAA0AA3-A787-4F68-9C29-E74FDB9D94DE}.Release|Any CPU.ActiveCfg = Release|Any CPU
		{AEAA0AA3-A787-4F68-9C29-E74FDB9D94DE}.Release|Any CPU.Build.0 = Release|Any CPU
	EndGlobalSection
EndGlobal
